
Microsoft Visual Studio Solution File, Format Version 12.00
# Visual Studio Version 17
VisualStudioVersion = 17.3.32922.545
MinimumVisualStudioVersion = 10.0.40219.1
Project("{FAE04EC0-301F-11D3-BF4B-00C04F79EFBC}") = "Five_Methods", "Five_Methods.csproj", "{5A82667D-9ED8-43F3-801F-4EC506E1D2FD}"
EndProject
Project("{FAE04EC0-301F-11D3-BF4B-00C04F79EFBC}") = "Five_Methods_Client", "..\Five_Methods_Client\Five_Methods_Client.csproj", "{F60CF0BC-DD82-4D63-BAF5-D069D8BAB172}"
	ProjectSection(ProjectDependencies) = postProject
		{5A82667D-9ED8-43F3-801F-4EC506E1D2FD} = {5A82667D-9ED8-43F3-801F-4EC506E1D2FD}
	EndProjectSection
EndProject
Global
	GlobalSection(SolutionConfigurationPlatforms) = preSolution
		Debug|Any CPU = Debug|Any CPU
		Release|Any CPU = Release|Any CPU
	EndGlobalSection
	GlobalSection(ProjectConfigurationPlatforms) = postSolution
		{5A82667D-9ED8-43F3-801F-4EC506E1D2FD}.Debug|Any CPU.ActiveCfg = Debug|Any CPU
		{5A82667D-9ED8-43F3-801F-4EC506E1D2FD}.Debug|Any CPU.Build.0 = Debug|Any CPU
		{5A82667D-9ED8-43F3-801F-4EC506E1D2FD}.Release|Any CPU.ActiveCfg = Release|Any CPU
		{5A82667D-9ED8-43F3-801F-4EC506E1D2FD}.Release|Any CPU.Build.0 = Release|Any CPU
		{F60CF0BC-DD82-4D63-BAF5-D069D8BAB172}.Debug|Any CPU.ActiveCfg = Debug|Any CPU
		{F60CF0BC-DD82-4D63-BAF5-D069D8BAB172}.Debug|Any CPU.Build.0 = Debug|Any CPU
		{F60CF0BC-DD82-4D63-BAF5-D069D8BAB172}.Release|Any CPU.ActiveCfg = Release|Any CPU
		{F60CF0BC-DD82-4D63-BAF5-D069D8BAB172}.Release|Any CPU.Build.0 = Release|Any CPU
	EndGlobalSection
	GlobalSection(SolutionProperties) = preSolution
		HideSolutionNode = FALSE
	EndGlobalSection
	GlobalSection(ExtensibilityGlobals) = postSolution
		SolutionGuid = {0A6CCB01-6FFA-4648-B2BC-8D37C0DA5D9B}
	EndGlobalSection
EndGlobal
